
Microsoft Visual Studio Solution File, Format Version 12.00
# Visual Studio 15
VisualStudioVersion = 15.0.28307.168
MinimumVisualStudioVersion = 10.0.40219.1
Project("{FAE04EC0-301F-11D3-BF4B-00C04F79EFBC}") = "AvitoMonitor", "AvitoMonitor\AvitoMonitor.csproj", "{513B6524-2A9C-4671-8F91-0F27D565387A}"
EndProject
Global
	GlobalSection(SolutionConfigurationPlatforms) = preSolution
		Debug|Any CPU = Debug|Any CPU
		Release|Any CPU = Release|Any CPU
	EndGlobalSection
	GlobalSection(ProjectConfigurationPlatforms) = postSolution
		{513B6524-2A9C-4671-8F91-0F27D565387A}.Debug|Any CPU.ActiveCfg = Debug|Any CPU
		{513B6524-2A9C-4671-8F91-0F27D565387A}.Debug|Any CPU.Build.0 = Debug|Any CPU
		{513B6524-2A9C-4671-8F91-0F27D565387A}.Release|Any CPU.ActiveCfg = Release|Any CPU
		{513B6524-2A9C-4671-8F91-0F27D565387A}.Release|Any CPU.Build.0 = Release|Any CPU
	EndGlobalSection
	GlobalSection(SolutionProperties) = preSolution
		HideSolutionNode = FALSE
	EndGlobalSection
	GlobalSection(ExtensibilityGlobals) = postSolution
		SolutionGuid = {2E340B2F-0950-4554-9EC6-2A1153474946}
	EndGlobalSection
EndGlobal
